// !$*UTF8*$!
{
	archiveVersion = 1;
	classes = {
	};
	objectVersion = 56;
	objects = {

/* Begin PBXBuildFile section */
		DA8DF0D62BD16DE500AC13B0 /* UserStore.swift in Sources */ = {isa = PBXBuildFile; fileRef = DA8DF0D52BD16DE500AC13B0 /* UserStore.swift */; };
		DA8DF0D82BD16DFE00AC13B0 /* User.swift in Sources */ = {isa = PBXBuildFile; fileRef = DA8DF0D72BD16DFE00AC13B0 /* User.swift */; };
		DA8DF0DE2BD17DAC00AC13B0 /* ServerRequest.swift in Sources */ = {isa = PBXBuildFile; fileRef = DA8DF0DD2BD17DAC00AC13B0 /* ServerRequest.swift */; };
		DA8DF0E02BD1866F00AC13B0 /* ReceiverStore.swift in Sources */ = {isa = PBXBuildFile; fileRef = DA8DF0DF2BD1866F00AC13B0 /* ReceiverStore.swift */; };
		DA8DF0E22BD1A3BB00AC13B0 /* ClipboardManager.swift in Sources */ = {isa = PBXBuildFile; fileRef = DA8DF0E12BD1A3BB00AC13B0 /* ClipboardManager.swift */; };
		DA8DF0E42BD1AC5C00AC13B0 /* MainMenu.xib in Resources */ = {isa = PBXBuildFile; fileRef = DA8DF0E32BD1AC5C00AC13B0 /* MainMenu.xib */; };
		DAAB33BF2BCAFDCB00C82DF4 /* ShareClipboardApp.swift in Sources */ = {isa = PBXBuildFile; fileRef = DAAB33BE2BCAFDCB00C82DF4 /* ShareClipboardApp.swift */; };
		DAAB33C12BCAFDCB00C82DF4 /* ContentView.swift in Sources */ = {isa = PBXBuildFile; fileRef = DAAB33C02BCAFDCB00C82DF4 /* ContentView.swift */; };
		DAAB33C32BCAFDCD00C82DF4 /* Assets.xcassets in Resources */ = {isa = PBXBuildFile; fileRef = DAAB33C22BCAFDCD00C82DF4 /* Assets.xcassets */; };
		DAAB33C62BCAFDCD00C82DF4 /* Preview Assets.xcassets in Resources */ = {isa = PBXBuildFile; fileRef = DAAB33C52BCAFDCD00C82DF4 /* Preview Assets.xcassets */; };
/* End PBXBuildFile section */

/* Begin PBXFileReference section */
		DA76DEA02BCB178700A64957 /* Info.plist */ = {isa = PBXFileReference; lastKnownFileType = text.plist; path = Info.plist; sourceTree = "<group>"; };
		DA8DF0D52BD16DE500AC13B0 /* UserStore.swift */ = {isa = PBXFileReference; lastKnownFileType = sourcecode.swift; path = UserStore.swift; sourceTree = "<group>"; };
		DA8DF0D72BD16DFE00AC13B0 /* User.swift */ = {isa = PBXFileReference; lastKnownFileType = sourcecode.swift; path = User.swift; sourceTree = "<group>"; };
		DA8DF0D92BD17AA400AC13B0 /* ConfigDevelopment.xcconfig */ = {isa = PBXFileReference; lastKnownFileType = text.xcconfig; path = ConfigDevelopment.xcconfig; sourceTree = "<group>"; };
		DA8DF0DC2BD17C8D00AC13B0 /* ConfigProduction.xcconfig */ = {isa = PBXFileReference; lastKnownFileType = text.xcconfig; path = ConfigProduction.xcconfig; sourceTree = "<group>"; };
		DA8DF0DD2BD17DAC00AC13B0 /* ServerRequest.swift */ = {isa = PBXFileReference; lastKnownFileType = sourcecode.swift; path = ServerRequest.swift; sourceTree = "<group>"; };
		DA8DF0DF2BD1866F00AC13B0 /* ReceiverStore.swift */ = {isa = PBXFileReference; lastKnownFileType = sourcecode.swift; path = ReceiverStore.swift; sourceTree = "<group>"; };
		DA8DF0E12BD1A3BB00AC13B0 /* ClipboardManager.swift */ = {isa = PBXFileReference; lastKnownFileType = sourcecode.swift; path = ClipboardManager.swift; sourceTree = "<group>"; };
		DA8DF0E32BD1AC5C00AC13B0 /* MainMenu.xib */ = {isa = PBXFileReference; lastKnownFileType = file.xib; path = MainMenu.xib; sourceTree = "<group>"; };
		DAAB33BB2BCAFDCB00C82DF4 /* ShareClipboard.app */ = {isa = PBXFileReference; explicitFileType = wrapper.application; includeInIndex = 0; path = ShareClipboard.app; sourceTree = BUILT_PRODUCTS_DIR; };
		DAAB33BE2BCAFDCB00C82DF4 /* ShareClipboardApp.swift */ = {isa = PBXFileReference; lastKnownFileType = sourcecode.swift; path = ShareClipboardApp.swift; sourceTree = "<group>"; };
		DAAB33C02BCAFDCB00C82DF4 /* ContentView.swift */ = {isa = PBXFileReference; lastKnownFileType = sourcecode.swift; path = ContentView.swift; sourceTree = "<group>"; };
		DAAB33C22BCAFDCD00C82DF4 /* Assets.xcassets */ = {isa = PBXFileReference; lastKnownFileType = folder.assetcatalog; path = Assets.xcassets; sourceTree = "<group>"; };
		DAAB33C52BCAFDCD00C82DF4 /* Preview Assets.xcassets */ = {isa = PBXFileReference; lastKnownFileType = folder.assetcatalog; path = "Preview Assets.xcassets"; sourceTree = "<group>"; };
		DAAB33C72BCAFDCD00C82DF4 /* ShareClipboard.entitlements */ = {isa = PBXFileReference; lastKnownFileType = text.plist.entitlements; path = ShareClipboard.entitlements; sourceTree = "<group>"; };
/* End PBXFileReference section */

/* Begin PBXFrameworksBuildPhase section */
		DAAB33B82BCAFDCB00C82DF4 /* Frameworks */ = {
			isa = PBXFrameworksBuildPhase;
			buildActionMask = 2147483647;
			files = (
			);
			runOnlyForDeploymentPostprocessing = 0;
		};
/* End PBXFrameworksBuildPhase section */

/* Begin PBXGroup section */
		DAAB33B22BCAFDCB00C82DF4 = {
			isa = PBXGroup;
			children = (
				DAAB33BD2BCAFDCB00C82DF4 /* ShareClipboard */,
				DAAB33BC2BCAFDCB00C82DF4 /* Products */,
			);
			sourceTree = "<group>";
		};
		DAAB33BC2BCAFDCB00C82DF4 /* Products */ = {
			isa = PBXGroup;
			children = (
				DAAB33BB2BCAFDCB00C82DF4 /* ShareClipboard.app */,
			);
			name = Products;
			sourceTree = "<group>";
		};
		DAAB33BD2BCAFDCB00C82DF4 /* ShareClipboard */ = {
			isa = PBXGroup;
			children = (
				DA76DEA02BCB178700A64957 /* Info.plist */,
				DAAB33BE2BCAFDCB00C82DF4 /* ShareClipboardApp.swift */,
				DAAB33C02BCAFDCB00C82DF4 /* ContentView.swift */,
				DA8DF0E32BD1AC5C00AC13B0 /* MainMenu.xib */,
				DA8DF0E12BD1A3BB00AC13B0 /* ClipboardManager.swift */,
				DA8DF0DF2BD1866F00AC13B0 /* ReceiverStore.swift */,
				DA8DF0D72BD16DFE00AC13B0 /* User.swift */,
				DAAB33C22BCAFDCD00C82DF4 /* Assets.xcassets */,
				DAAB33C72BCAFDCD00C82DF4 /* ShareClipboard.entitlements */,
				DAAB33C42BCAFDCD00C82DF4 /* Preview Content */,
				DA8DF0D52BD16DE500AC13B0 /* UserStore.swift */,
				DA8DF0DD2BD17DAC00AC13B0 /* ServerRequest.swift */,
				DA8DF0D92BD17AA400AC13B0 /* ConfigDevelopment.xcconfig */,
				DA8DF0DC2BD17C8D00AC13B0 /* ConfigProduction.xcconfig */,
			);
			path = ShareClipboard;
			sourceTree = "<group>";
		};
		DAAB33C42BCAFDCD00C82DF4 /* Preview Content */ = {
			isa = PBXGroup;
			children = (
				DAAB33C52BCAFDCD00C82DF4 /* Preview Assets.xcassets */,
			);
			path = "Preview Content";
			sourceTree = "<group>";
		};
/* End PBXGroup section */

/* Begin PBXNativeTarget section */
		DAAB33BA2BCAFDCB00C82DF4 /* ShareClipboard */ = {
			isa = PBXNativeTarget;
			buildConfigurationList = DAAB33CA2BCAFDCD00C82DF4 /* Build configuration list for PBXNativeTarget "ShareClipboard" */;
			buildPhases = (
				DAAB33B72BCAFDCB00C82DF4 /* Sources */,
				DAAB33B82BCAFDCB00C82DF4 /* Frameworks */,
				DAAB33B92BCAFDCB00C82DF4 /* Resources */,
			);
			buildRules = (
			);
			dependencies = (
			);
			name = ShareClipboard;
			productName = ShareClipboard;
			productReference = DAAB33BB2BCAFDCB00C82DF4 /* ShareClipboard.app */;
			productType = "com.apple.product-type.application";
		};
/* End PBXNativeTarget section */

/* Begin PBXProject section */
		DAAB33B32BCAFDCB00C82DF4 /* Project object */ = {
			isa = PBXProject;
			attributes = {
				BuildIndependentTargetsInParallel = 1;
				LastSwiftUpdateCheck = 1510;
				LastUpgradeCheck = 1510;
				TargetAttributes = {
					DAAB33BA2BCAFDCB00C82DF4 = {
						CreatedOnToolsVersion = 15.1;
					};
				};
			};
			buildConfigurationList = DAAB33B62BCAFDCB00C82DF4 /* Build configuration list for PBXProject "ShareClipboard" */;
			compatibilityVersion = "Xcode 14.0";
			developmentRegion = en;
			hasScannedForEncodings = 0;
			knownRegions = (
				en,
				Base,
			);
			mainGroup = DAAB33B22BCAFDCB00C82DF4;
			productRefGroup = DAAB33BC2BCAFDCB00C82DF4 /* Products */;
			projectDirPath = "";
			projectRoot = "";
			targets = (
				DAAB33BA2BCAFDCB00C82DF4 /* ShareClipboard */,
			);
		};
/* End PBXProject section */

/* Begin PBXResourcesBuildPhase section */
		DAAB33B92BCAFDCB00C82DF4 /* Resources */ = {
			isa = PBXResourcesBuildPhase;
			buildActionMask = 2147483647;
			files = (
				DAAB33C62BCAFDCD00C82DF4 /* Preview Assets.xcassets in Resources */,
				DAAB33C32BCAFDCD00C82DF4 /* Assets.xcassets in Resources */,
				DA8DF0E42BD1AC5C00AC13B0 /* MainMenu.xib in Resources */,
			);
			runOnlyForDeploymentPostprocessing = 0;
		};
/* End PBXResourcesBuildPhase section */

/* Begin PBXSourcesBuildPhase section */
		DAAB33B72BCAFDCB00C82DF4 /* Sources */ = {
			isa = PBXSourcesBuildPhase;
			buildActionMask = 2147483647;
			files = (
				DA8DF0DE2BD17DAC00AC13B0 /* ServerRequest.swift in Sources */,
				DA8DF0D82BD16DFE00AC13B0 /* User.swift in Sources */,
				DA8DF0D62BD16DE500AC13B0 /* UserStore.swift in Sources */,
				DAAB33C12BCAFDCB00C82DF4 /* ContentView.swift in Sources */,
				DA8DF0E02BD1866F00AC13B0 /* ReceiverStore.swift in Sources */,
				DAAB33BF2BCAFDCB00C82DF4 /* ShareClipboardApp.swift in Sources */,
				DA8DF0E22BD1A3BB00AC13B0 /* ClipboardManager.swift in Sources */,
			);
			runOnlyForDeploymentPostprocessing = 0;
		};
/* End PBXSourcesBuildPhase section */

/* Begin XCBuildConfiguration section */
		DAAB33C82BCAFDCD00C82DF4 /* Debug */ = {
			isa = XCBuildConfiguration;
			buildSettings = {
				ALWAYS_SEARCH_USER_PATHS = NO;
				ASSETCATALOG_COMPILER_GENERATE_SWIFT_ASSET_SYMBOL_EXTENSIONS = YES;
				CLANG_ANALYZER_NONNULL = YES;
				CLANG_ANALYZER_NUMBER_OBJECT_CONVERSION = YES_AGGRESSIVE;
				CLANG_CXX_LANGUAGE_STANDARD = "gnu++20";
				CLANG_ENABLE_MODULES = YES;
				CLANG_ENABLE_OBJC_ARC = YES;
				CLANG_ENABLE_OBJC_WEAK = YES;
				CLANG_WARN_BLOCK_CAPTURE_AUTORELEASING = YES;
				CLANG_WARN_BOOL_CONVERSION = YES;
				CLANG_WARN_COMMA = YES;
				CLANG_WARN_CONSTANT_CONVERSION = YES;
				CLANG_WARN_DEPRECATED_OBJC_IMPLEMENTATIONS = YES;
				CLANG_WARN_DIRECT_OBJC_ISA_USAGE = YES_ERROR;
				CLANG_WARN_DOCUMENTATION_COMMENTS = YES;
				CLANG_WARN_EMPTY_BODY = YES;
				CLANG_WARN_ENUM_CONVERSION = YES;
				CLANG_WARN_INFINITE_RECURSION = YES;
				CLANG_WARN_INT_CONVERSION = YES;
				CLANG_WARN_NON_LITERAL_NULL_CONVERSION = YES;
				CLANG_WARN_OBJC_IMPLICIT_RETAIN_SELF = YES;
				CLANG_WARN_OBJC_LITERAL_CONVERSION = YES;
				CLANG_WARN_OBJC_ROOT_CLASS = YES_ERROR;
				CLANG_WARN_QUOTED_INCLUDE_IN_FRAMEWORK_HEADER = YES;
				CLANG_WARN_RANGE_LOOP_ANALYSIS = YES;
				CLANG_WARN_STRICT_PROTOTYPES = YES;
				CLANG_WARN_SUSPICIOUS_MOVE = YES;
				CLANG_WARN_UNGUARDED_AVAILABILITY = YES_AGGRESSIVE;
				CLANG_WARN_UNREACHABLE_CODE = YES;
				CLANG_WARN__DUPLICATE_METHOD_MATCH = YES;
				COPY_PHASE_STRIP = NO;
				DEBUG_INFORMATION_FORMAT = dwarf;
				ENABLE_STRICT_OBJC_MSGSEND = YES;
				ENABLE_TESTABILITY = YES;
				ENABLE_USER_SCRIPT_SANDBOXING = YES;
				GCC_C_LANGUAGE_STANDARD = gnu17;
				GCC_DYNAMIC_NO_PIC = NO;
				GCC_NO_COMMON_BLOCKS = YES;
				GCC_OPTIMIZATION_LEVEL = 0;
				GCC_PREPROCESSOR_DEFINITIONS = (
					"DEBUG=1",
					"$(inherited)",
				);
				GCC_WARN_64_TO_32_BIT_CONVERSION = YES;
				GCC_WARN_ABOUT_RETURN_TYPE = YES_ERROR;
				GCC_WARN_UNDECLARED_SELECTOR = YES;
				GCC_WARN_UNINITIALIZED_AUTOS = YES_AGGRESSIVE;
				GCC_WARN_UNUSED_FUNCTION = YES;
				GCC_WARN_UNUSED_VARIABLE = YES;
				LOCALIZATION_PREFERS_STRING_CATALOGS = YES;
				MACOSX_DEPLOYMENT_TARGET = 14.2;
				MTL_ENABLE_DEBUG_INFO = INCLUDE_SOURCE;
				MTL_FAST_MATH = YES;
				ONLY_ACTIVE_ARCH = YES;
				SDKROOT = macosx;
				SWIFT_ACTIVE_COMPILATION_CONDITIONS = "DEBUG $(inherited)";
				SWIFT_OPTIMIZATION_LEVEL = "-Onone";
			};
			name = Debug;
		};
		DAAB33C92BCAFDCD00C82DF4 /* Release */ = {
			isa = XCBuildConfiguration;
			buildSettings = {
				ALWAYS_SEARCH_USER_PATHS = NO;
				ASSETCATALOG_COMPILER_GENERATE_SWIFT_ASSET_SYMBOL_EXTENSIONS = YES;
				CLANG_ANALYZER_NONNULL = YES;
				CLANG_ANALYZER_NUMBER_OBJECT_CONVERSION = YES_AGGRESSIVE;
				CLANG_CXX_LANGUAGE_STANDARD = "gnu++20";
				CLANG_ENABLE_MODULES = YES;
				CLANG_ENABLE_OBJC_ARC = YES;
				CLANG_ENABLE_OBJC_WEAK = YES;
				CLANG_WARN_BLOCK_CAPTURE_AUTORELEASING = YES;
				CLANG_WARN_BOOL_CONVERSION = YES;
				CLANG_WARN_COMMA = YES;
				CLANG_WARN_CONSTANT_CONVERSION = YES;
				CLANG_WARN_DEPRECATED_OBJC_IMPLEMENTATIONS = YES;
				CLANG_WARN_DIRECT_OBJC_ISA_USAGE = YES_ERROR;
				CLANG_WARN_DOCUMENTATION_COMMENTS = YES;
				CLANG_WARN_EMPTY_BODY = YES;
				CLANG_WARN_ENUM_CONVERSION = YES;
				CLANG_WARN_INFINITE_RECURSION = YES;
				CLANG_WARN_INT_CONVERSION = YES;
				CLANG_WARN_NON_LITERAL_NULL_CONVERSION = YES;
				CLANG_WARN_OBJC_IMPLICIT_RETAIN_SELF = YES;
				CLANG_WARN_OBJC_LITERAL_CONVERSION = YES;
				CLANG_WARN_OBJC_ROOT_CLASS = YES_ERROR;
				CLANG_WARN_QUOTED_INCLUDE_IN_FRAMEWORK_HEADER = YES;
				CLANG_WARN_RANGE_LOOP_ANALYSIS = YES;
				CLANG_WARN_STRICT_PROTOTYPES = YES;
				CLANG_WARN_SUSPICIOUS_MOVE = YES;
				CLANG_WARN_UNGUARDED_AVAILABILITY = YES_AGGRESSIVE;
				CLANG_WARN_UNREACHABLE_CODE = YES;
				CLANG_WARN__DUPLICATE_METHOD_MATCH = YES;
				COPY_PHASE_STRIP = NO;
				DEBUG_INFORMATION_FORMAT = "dwarf-with-dsym";
				ENABLE_NS_ASSERTIONS = NO;
				ENABLE_STRICT_OBJC_MSGSEND = YES;
				ENABLE_USER_SCRIPT_SANDBOXING = YES;
				GCC_C_LANGUAGE_STANDARD = gnu17;
				GCC_NO_COMMON_BLOCKS = YES;
				GCC_WARN_64_TO_32_BIT_CONVERSION = YES;
				GCC_WARN_ABOUT_RETURN_TYPE = YES_ERROR;
				GCC_WARN_UNDECLARED_SELECTOR = YES;
				GCC_WARN_UNINITIALIZED_AUTOS = YES_AGGRESSIVE;
				GCC_WARN_UNUSED_FUNCTION = YES;
				GCC_WARN_UNUSED_VARIABLE = YES;
				LOCALIZATION_PREFERS_STRING_CATALOGS = YES;
				MACOSX_DEPLOYMENT_TARGET = 14.2;
				MTL_ENABLE_DEBUG_INFO = NO;
				MTL_FAST_MATH = YES;
				SDKROOT = macosx;
				SWIFT_COMPILATION_MODE = wholemodule;
			};
			name = Release;
		};
		DAAB33CB2BCAFDCD00C82DF4 /* Debug */ = {
			isa = XCBuildConfiguration;
			baseConfigurationReference = DA8DF0D92BD17AA400AC13B0 /* ConfigDevelopment.xcconfig */;
			buildSettings = {
				ASSETCATALOG_COMPILER_APPICON_NAME = AppIcon;
				ASSETCATALOG_COMPILER_GLOBAL_ACCENT_COLOR_NAME = AccentColor;
				CODE_SIGN_ENTITLEMENTS = ShareClipboard/ShareClipboard.entitlements;
				CODE_SIGN_IDENTITY = "Apple Development";
				CODE_SIGN_STYLE = Automatic;
				COMBINE_HIDPI_IMAGES = YES;
				CURRENT_PROJECT_VERSION = 4;
				DEVELOPMENT_ASSET_PATHS = "\"ShareClipboard/Preview Content\"";
				DEVELOPMENT_TEAM = 5D4FR5T9QN;
				ENABLE_HARDENED_RUNTIME = YES;
				ENABLE_PREVIEWS = YES;
				GENERATE_INFOPLIST_FILE = YES;
				INFOPLIST_FILE = ShareClipboard/Info.plist;
				INFOPLIST_KEY_CFBundleDisplayName = "Share Clipboard";
				INFOPLIST_KEY_LSApplicationCategoryType = "public.app-category.developer-tools";
				INFOPLIST_KEY_NSGKFriendListUsageDescription = "Choose your friend to share the clipboard with.";
				INFOPLIST_KEY_NSHumanReadableCopyright = "";
				LD_RUNPATH_SEARCH_PATHS = (
					"$(inherited)",
					"@executable_path/../Frameworks",
				);
				MARKETING_VERSION = 1.0;
				PRODUCT_BUNDLE_IDENTIFIER = de.pschwind.ShareClipboard;
				PRODUCT_NAME = "$(TARGET_NAME)";
				PROVISIONING_PROFILE_SPECIFIER = "";
				SWIFT_EMIT_LOC_STRINGS = YES;
				SWIFT_VERSION = 5.0;
			};
			name = Debug;
		};
		DAAB33CC2BCAFDCD00C82DF4 /* Release */ = {
			isa = XCBuildConfiguration;
			baseConfigurationReference = DA8DF0DC2BD17C8D00AC13B0 /* ConfigProduction.xcconfig */;
			buildSettings = {
				ASSETCATALOG_COMPILER_APPICON_NAME = AppIcon;
				ASSETCATALOG_COMPILER_GLOBAL_ACCENT_COLOR_NAME = AccentColor;
				CODE_SIGN_ENTITLEMENTS = ShareClipboard/ShareClipboard.entitlements;
				CODE_SIGN_IDENTITY = "Apple Development";
				CODE_SIGN_STYLE = Automatic;
				COMBINE_HIDPI_IMAGES = YES;
				CURRENT_PROJECT_VERSION = 4;
				DEVELOPMENT_ASSET_PATHS = "\"ShareClipboard/Preview Content\"";
				DEVELOPMENT_TEAM = 5D4FR5T9QN;
				ENABLE_HARDENED_RUNTIME = YES;
				ENABLE_PREVIEWS = YES;
				GENERATE_INFOPLIST_FILE = YES;
				INFOPLIST_FILE = ShareClipboard/Info.plist;
				INFOPLIST_KEY_CFBundleDisplayName = "Share Clipboard";
				INFOPLIST_KEY_LSApplicationCategoryType = "public.app-category.developer-tools";
				INFOPLIST_KEY_NSGKFriendListUsageDescription = "Choose your friend to share the clipboard with.";
				INFOPLIST_KEY_NSHumanReadableCopyright = "";
				LD_RUNPATH_SEARCH_PATHS = (
					"$(inherited)",
					"@executable_path/../Frameworks",
				);
				MARKETING_VERSION = 1.0;
				PRODUCT_BUNDLE_IDENTIFIER = de.pschwind.ShareClipboard;
				PRODUCT_NAME = "$(TARGET_NAME)";
				PROVISIONING_PROFILE_SPECIFIER = "";
				SWIFT_EMIT_LOC_STRINGS = YES;
				SWIFT_VERSION = 5.0;
			};
			name = Release;
		};
/* End XCBuildConfiguration section */

/* Begin XCConfigurationList section */
		DAAB33B62BCAFDCB00C82DF4 /* Build configuration list for PBXProject "ShareClipboard" */ = {
			isa = XCConfigurationList;
			buildConfigurations = (
				DAAB33C82BCAFDCD00C82DF4 /* Debug */,
				DAAB33C92BCAFDCD00C82DF4 /* Release */,
			);
			defaultConfigurationIsVisible = 0;
			defaultConfigurationName = Release;
		};
		DAAB33CA2BCAFDCD00C82DF4 /* Build configuration list for PBXNativeTarget "ShareClipboard" */ = {
			isa = XCConfigurationList;
			buildConfigurations = (
				DAAB33CB2BCAFDCD00C82DF4 /* Debug */,
				DAAB33CC2BCAFDCD00C82DF4 /* Release */,
			);
			defaultConfigurationIsVisible = 0;
			defaultConfigurationName = Release;
		};
/* End XCConfigurationList section */
	};
	rootObject = DAAB33B32BCAFDCB00C82DF4 /* Project object */;
}
