// !$*UTF8*$!
{
	archiveVersion = 1;
	classes = {
	};
	objectVersion = 56;
	objects = {

/* Begin PBXBuildFile section */
		DA3703742C601AC1004B326F /* MoveFileToDownloads.swift in Sources */ = {isa = PBXBuildFile; fileRef = DA3703732C601AC1004B326F /* MoveFileToDownloads.swift */; };
		DA3703762C6070E1004B326F /* FriendRequest.swift in Sources */ = {isa = PBXBuildFile; fileRef = DA3703752C6070E1004B326F /* FriendRequest.swift */; };
		DA3703782C607258004B326F /* FriendRequestView.swift in Sources */ = {isa = PBXBuildFile; fileRef = DA3703772C607258004B326F /* FriendRequestView.swift */; };
		DA4A24852C5F357D0032E3F0 /* SoundEffects.swift in Sources */ = {isa = PBXBuildFile; fileRef = DA4A24842C5F357D0032E3F0 /* SoundEffects.swift */; };
		DA6F61772C601298007C30FB /* Crypto.swift in Sources */ = {isa = PBXBuildFile; fileRef = DA6F61762C601298007C30FB /* Crypto.swift */; };
		DA6F617A2C601335007C30FB /* receive.mp3 in Resources */ = {isa = PBXBuildFile; fileRef = DA4A24882C5F381D0032E3F0 /* receive.mp3 */; };
		DA6F617B2C601335007C30FB /* send.mp3 in Resources */ = {isa = PBXBuildFile; fileRef = DA4A24872C5F381D0032E3F0 /* send.mp3 */; };
		DA82955D2C1CAEDA00ADFA1E /* KeyboardShortcuts in Frameworks */ = {isa = PBXBuildFile; productRef = DA82955C2C1CAEDA00ADFA1E /* KeyboardShortcuts */; };
		DA84EF932C572845005A2A26 /* ClipboardHistoryListView.swift in Sources */ = {isa = PBXBuildFile; fileRef = DA84EF8D2C572845005A2A26 /* ClipboardHistoryListView.swift */; };
		DA84EF942C572845005A2A26 /* SettingsView.swift in Sources */ = {isa = PBXBuildFile; fileRef = DA84EF902C572845005A2A26 /* SettingsView.swift */; };
		DA84EF952C572845005A2A26 /* KeyPressModifierMacOS14.swift in Sources */ = {isa = PBXBuildFile; fileRef = DA84EF882C572845005A2A26 /* KeyPressModifierMacOS14.swift */; };
		DA84EF962C572845005A2A26 /* CopyContentModifier.swift in Sources */ = {isa = PBXBuildFile; fileRef = DA84EF862C572845005A2A26 /* CopyContentModifier.swift */; };
		DA84EF972C572845005A2A26 /* FocusEffectDisabledModifierMacOS14.swift in Sources */ = {isa = PBXBuildFile; fileRef = DA84EF872C572845005A2A26 /* FocusEffectDisabledModifierMacOS14.swift */; };
		DA84EF982C572845005A2A26 /* StatusView.swift in Sources */ = {isa = PBXBuildFile; fileRef = DA84EF912C572845005A2A26 /* StatusView.swift */; };
		DA84EF992C572845005A2A26 /* GlobalKeyboardShortcutView.swift in Sources */ = {isa = PBXBuildFile; fileRef = DA84EF8B2C572845005A2A26 /* GlobalKeyboardShortcutView.swift */; };
		DA84EF9A2C572845005A2A26 /* CommandVView.swift in Sources */ = {isa = PBXBuildFile; fileRef = DA84EF8E2C572845005A2A26 /* CommandVView.swift */; };
		DA84EF9B2C572845005A2A26 /* NotificationsToggleView.swift in Sources */ = {isa = PBXBuildFile; fileRef = DA84EF8F2C572845005A2A26 /* NotificationsToggleView.swift */; };
		DA84EF9C2C572845005A2A26 /* GlobalKeyboardShortcut.swift in Sources */ = {isa = PBXBuildFile; fileRef = DA84EF8A2C572845005A2A26 /* GlobalKeyboardShortcut.swift */; };
		DA84EF9F2C574204005A2A26 /* Starscream in Frameworks */ = {isa = PBXBuildFile; productRef = DA84EF9E2C574204005A2A26 /* Starscream */; };
		DA99FF6C2C13471200769146 /* LocalNotification.swift in Sources */ = {isa = PBXBuildFile; fileRef = DA99FF572C13471200769146 /* LocalNotification.swift */; };
		DA99FF6D2C13471200769146 /* SettingsStore.swift in Sources */ = {isa = PBXBuildFile; fileRef = DA99FF582C13471200769146 /* SettingsStore.swift */; };
		DA99FF6E2C13471200769146 /* ClipboardManager.swift in Sources */ = {isa = PBXBuildFile; fileRef = DA99FF592C13471200769146 /* ClipboardManager.swift */; };
		DA99FF712C13471200769146 /* ClipboardPortalApp.swift in Sources */ = {isa = PBXBuildFile; fileRef = DA99FF5C2C13471200769146 /* ClipboardPortalApp.swift */; };
		DA99FF722C13471200769146 /* ContentView.swift in Sources */ = {isa = PBXBuildFile; fileRef = DA99FF5D2C13471200769146 /* ContentView.swift */; };
		DA99FF762C13471200769146 /* Config.swift in Sources */ = {isa = PBXBuildFile; fileRef = DA99FF622C13471200769146 /* Config.swift */; };
		DA99FF782C13471200769146 /* UserStore.swift in Sources */ = {isa = PBXBuildFile; fileRef = DA99FF642C13471200769146 /* UserStore.swift */; };
		DA99FF7A2C13471200769146 /* ViewIfModifier.swift in Sources */ = {isa = PBXBuildFile; fileRef = DA99FF662C13471200769146 /* ViewIfModifier.swift */; };
		DA99FF7C2C13471200769146 /* ServerRequest.swift in Sources */ = {isa = PBXBuildFile; fileRef = DA99FF682C13471200769146 /* ServerRequest.swift */; };
		DAFE18792C178BEF00360134 /* Assets.xcassets in Resources */ = {isa = PBXBuildFile; fileRef = DA99FF5B2C13471200769146 /* Assets.xcassets */; };
/* End PBXBuildFile section */

/* Begin PBXCopyFilesBuildPhase section */
		DA71BBDF2C6EC622002CDBCE /* Embed ExtensionKit Extensions */ = {
			isa = PBXCopyFilesBuildPhase;
			buildActionMask = 2147483647;
			dstPath = "$(EXTENSIONS_FOLDER_PATH)";
			dstSubfolderSpec = 16;
			files = (
			);
			name = "Embed ExtensionKit Extensions";
			runOnlyForDeploymentPostprocessing = 0;
		};
/* End PBXCopyFilesBuildPhase section */

/* Begin PBXFileReference section */
		DA3703732C601AC1004B326F /* MoveFileToDownloads.swift */ = {isa = PBXFileReference; lastKnownFileType = sourcecode.swift; name = MoveFileToDownloads.swift; path = ClipboardPortal/MoveFileToDownloads.swift; sourceTree = "<group>"; };
		DA3703752C6070E1004B326F /* FriendRequest.swift */ = {isa = PBXFileReference; lastKnownFileType = sourcecode.swift; name = FriendRequest.swift; path = ClipboardPortal/FriendRequest.swift; sourceTree = "<group>"; };
		DA3703772C607258004B326F /* FriendRequestView.swift */ = {isa = PBXFileReference; lastKnownFileType = sourcecode.swift; name = FriendRequestView.swift; path = ClipboardPortal/ui/FriendRequestView.swift; sourceTree = "<group>"; };
		DA4A24842C5F357D0032E3F0 /* SoundEffects.swift */ = {isa = PBXFileReference; lastKnownFileType = sourcecode.swift; path = SoundEffects.swift; sourceTree = "<group>"; };
		DA4A24872C5F381D0032E3F0 /* send.mp3 */ = {isa = PBXFileReference; lastKnownFileType = audio.mp3; path = send.mp3; sourceTree = "<group>"; };
		DA4A24882C5F381D0032E3F0 /* receive.mp3 */ = {isa = PBXFileReference; lastKnownFileType = audio.mp3; path = receive.mp3; sourceTree = "<group>"; };
		DA6F61762C601298007C30FB /* Crypto.swift */ = {isa = PBXFileReference; lastKnownFileType = sourcecode.swift; name = Crypto.swift; path = ClipboardPortal/Crypto.swift; sourceTree = "<group>"; };
		DA71BBD32C6EC622002CDBCE /* ClipboardPortalIntentExtension.swift */ = {isa = PBXFileReference; lastKnownFileType = sourcecode.swift; path = ClipboardPortalIntentExtension.swift; sourceTree = "<group>"; };
		DA71BBD52C6EC622002CDBCE /* ClipboardPortalIntent.swift */ = {isa = PBXFileReference; lastKnownFileType = sourcecode.swift; path = ClipboardPortalIntent.swift; sourceTree = "<group>"; };
		DA71BBD72C6EC622002CDBCE /* Info.plist */ = {isa = PBXFileReference; lastKnownFileType = text.plist.xml; path = Info.plist; sourceTree = "<group>"; };
		DA71BBD82C6EC622002CDBCE /* ClipboardPortalIntent.entitlements */ = {isa = PBXFileReference; lastKnownFileType = text.plist.entitlements; path = ClipboardPortalIntent.entitlements; sourceTree = "<group>"; };
		DA84EF862C572845005A2A26 /* CopyContentModifier.swift */ = {isa = PBXFileReference; lastKnownFileType = sourcecode.swift; path = CopyContentModifier.swift; sourceTree = "<group>"; };
		DA84EF872C572845005A2A26 /* FocusEffectDisabledModifierMacOS14.swift */ = {isa = PBXFileReference; lastKnownFileType = sourcecode.swift; path = FocusEffectDisabledModifierMacOS14.swift; sourceTree = "<group>"; };
		DA84EF882C572845005A2A26 /* KeyPressModifierMacOS14.swift */ = {isa = PBXFileReference; lastKnownFileType = sourcecode.swift; path = KeyPressModifierMacOS14.swift; sourceTree = "<group>"; };
		DA84EF8A2C572845005A2A26 /* GlobalKeyboardShortcut.swift */ = {isa = PBXFileReference; lastKnownFileType = sourcecode.swift; path = GlobalKeyboardShortcut.swift; sourceTree = "<group>"; };
		DA84EF8B2C572845005A2A26 /* GlobalKeyboardShortcutView.swift */ = {isa = PBXFileReference; lastKnownFileType = sourcecode.swift; path = GlobalKeyboardShortcutView.swift; sourceTree = "<group>"; };
		DA84EF8D2C572845005A2A26 /* ClipboardHistoryListView.swift */ = {isa = PBXFileReference; lastKnownFileType = sourcecode.swift; path = ClipboardHistoryListView.swift; sourceTree = "<group>"; };
		DA84EF8E2C572845005A2A26 /* CommandVView.swift */ = {isa = PBXFileReference; lastKnownFileType = sourcecode.swift; path = CommandVView.swift; sourceTree = "<group>"; };
		DA84EF8F2C572845005A2A26 /* NotificationsToggleView.swift */ = {isa = PBXFileReference; lastKnownFileType = sourcecode.swift; path = NotificationsToggleView.swift; sourceTree = "<group>"; };
		DA84EF902C572845005A2A26 /* SettingsView.swift */ = {isa = PBXFileReference; lastKnownFileType = sourcecode.swift; path = SettingsView.swift; sourceTree = "<group>"; };
		DA84EF912C572845005A2A26 /* StatusView.swift */ = {isa = PBXFileReference; lastKnownFileType = sourcecode.swift; path = StatusView.swift; sourceTree = "<group>"; };
		DA99FF562C13471200769146 /* Info.plist */ = {isa = PBXFileReference; fileEncoding = 4; lastKnownFileType = text.plist.xml; name = Info.plist; path = ClipboardPortal/Info.plist; sourceTree = "<group>"; };
		DA99FF572C13471200769146 /* LocalNotification.swift */ = {isa = PBXFileReference; fileEncoding = 4; lastKnownFileType = sourcecode.swift; name = LocalNotification.swift; path = ClipboardPortal/LocalNotification.swift; sourceTree = "<group>"; };
		DA99FF582C13471200769146 /* SettingsStore.swift */ = {isa = PBXFileReference; fileEncoding = 4; lastKnownFileType = sourcecode.swift; name = SettingsStore.swift; path = ClipboardPortal/SettingsStore.swift; sourceTree = "<group>"; };
		DA99FF592C13471200769146 /* ClipboardManager.swift */ = {isa = PBXFileReference; fileEncoding = 4; lastKnownFileType = sourcecode.swift; name = ClipboardManager.swift; path = ClipboardPortal/ClipboardManager.swift; sourceTree = "<group>"; };
		DA99FF5B2C13471200769146 /* Assets.xcassets */ = {isa = PBXFileReference; lastKnownFileType = folder.assetcatalog; name = Assets.xcassets; path = ClipboardPortal/Assets.xcassets; sourceTree = "<group>"; };
		DA99FF5C2C13471200769146 /* ClipboardPortalApp.swift */ = {isa = PBXFileReference; fileEncoding = 4; lastKnownFileType = sourcecode.swift; name = ClipboardPortalApp.swift; path = ClipboardPortal/ClipboardPortalApp.swift; sourceTree = "<group>"; };
		DA99FF5D2C13471200769146 /* ContentView.swift */ = {isa = PBXFileReference; fileEncoding = 4; lastKnownFileType = sourcecode.swift; name = ContentView.swift; path = ClipboardPortal/ContentView.swift; sourceTree = "<group>"; };
		DA99FF5E2C13471200769146 /* MainMenu.xib */ = {isa = PBXFileReference; fileEncoding = 4; lastKnownFileType = file.xib; name = MainMenu.xib; path = ClipboardPortal/MainMenu.xib; sourceTree = "<group>"; };
		DA99FF612C13471200769146 /* ConfigDevelopment.xcconfig */ = {isa = PBXFileReference; fileEncoding = 4; lastKnownFileType = text.xcconfig; name = ConfigDevelopment.xcconfig; path = ClipboardPortal/ConfigDevelopment.xcconfig; sourceTree = "<group>"; };
		DA99FF622C13471200769146 /* Config.swift */ = {isa = PBXFileReference; fileEncoding = 4; lastKnownFileType = sourcecode.swift; name = Config.swift; path = ClipboardPortal/Config.swift; sourceTree = "<group>"; };
		DA99FF632C13471200769146 /* ConfigProduction.xcconfig */ = {isa = PBXFileReference; fileEncoding = 4; lastKnownFileType = text.xcconfig; name = ConfigProduction.xcconfig; path = ClipboardPortal/ConfigProduction.xcconfig; sourceTree = "<group>"; };
		DA99FF642C13471200769146 /* UserStore.swift */ = {isa = PBXFileReference; fileEncoding = 4; lastKnownFileType = sourcecode.swift; name = UserStore.swift; path = ClipboardPortal/UserStore.swift; sourceTree = "<group>"; };
		DA99FF662C13471200769146 /* ViewIfModifier.swift */ = {isa = PBXFileReference; fileEncoding = 4; lastKnownFileType = sourcecode.swift; path = ViewIfModifier.swift; sourceTree = "<group>"; };
		DA99FF682C13471200769146 /* ServerRequest.swift */ = {isa = PBXFileReference; fileEncoding = 4; lastKnownFileType = sourcecode.swift; name = ServerRequest.swift; path = ClipboardPortal/ServerRequest.swift; sourceTree = "<group>"; };
		DA99FF692C13471200769146 /* ClipboardPortal.entitlements */ = {isa = PBXFileReference; fileEncoding = 4; lastKnownFileType = text.plist.entitlements; name = ClipboardPortal.entitlements; path = ClipboardPortal/ClipboardPortal.entitlements; sourceTree = "<group>"; };
		DAAB33BB2BCAFDCB00C82DF4 /* Clipboard Portal.app */ = {isa = PBXFileReference; explicitFileType = wrapper.application; includeInIndex = 0; path = "Clipboard Portal.app"; sourceTree = BUILT_PRODUCTS_DIR; };
/* End PBXFileReference section */

/* Begin PBXFrameworksBuildPhase section */
		DAAB33B82BCAFDCB00C82DF4 /* Frameworks */ = {
			isa = PBXFrameworksBuildPhase;
			buildActionMask = 2147483647;
			files = (
				DA82955D2C1CAEDA00ADFA1E /* KeyboardShortcuts in Frameworks */,
				DA84EF9F2C574204005A2A26 /* Starscream in Frameworks */,
			);
			runOnlyForDeploymentPostprocessing = 0;
		};
/* End PBXFrameworksBuildPhase section */

/* Begin PBXGroup section */
		DA4A24862C5F37FE0032E3F0 /* sound */ = {
			isa = PBXGroup;
			children = (
				DA4A24842C5F357D0032E3F0 /* SoundEffects.swift */,
				DA4A24882C5F381D0032E3F0 /* receive.mp3 */,
				DA4A24872C5F381D0032E3F0 /* send.mp3 */,
			);
			name = sound;
			path = ClipboardPortal/sound;
			sourceTree = SOURCE_ROOT;
		};
		DA71BBD22C6EC622002CDBCE /* ClipboardPortalIntent */ = {
			isa = PBXGroup;
			children = (
				DA71BBD32C6EC622002CDBCE /* ClipboardPortalIntentExtension.swift */,
				DA71BBD52C6EC622002CDBCE /* ClipboardPortalIntent.swift */,
				DA71BBD72C6EC622002CDBCE /* Info.plist */,
				DA71BBD82C6EC622002CDBCE /* ClipboardPortalIntent.entitlements */,
			);
			path = ClipboardPortalIntent;
			sourceTree = "<group>";
		};
		DA84EF892C572845005A2A26 /* modifiers */ = {
			isa = PBXGroup;
			children = (
				DA84EF862C572845005A2A26 /* CopyContentModifier.swift */,
				DA84EF872C572845005A2A26 /* FocusEffectDisabledModifierMacOS14.swift */,
				DA84EF882C572845005A2A26 /* KeyPressModifierMacOS14.swift */,
				DA99FF662C13471200769146 /* ViewIfModifier.swift */,
			);
			name = modifiers;
			path = ClipboardPortal/modifiers;
			sourceTree = "<group>";
		};
		DA84EF8C2C572845005A2A26 /* keyboardshortcut */ = {
			isa = PBXGroup;
			children = (
				DA84EF8A2C572845005A2A26 /* GlobalKeyboardShortcut.swift */,
				DA84EF8B2C572845005A2A26 /* GlobalKeyboardShortcutView.swift */,
			);
			name = keyboardshortcut;
			path = ClipboardPortal/keyboardshortcut;
			sourceTree = "<group>";
		};
		DA84EF922C572845005A2A26 /* ui */ = {
			isa = PBXGroup;
			children = (
				DA84EF8D2C572845005A2A26 /* ClipboardHistoryListView.swift */,
				DA84EF8E2C572845005A2A26 /* CommandVView.swift */,
				DA84EF8F2C572845005A2A26 /* NotificationsToggleView.swift */,
				DA84EF902C572845005A2A26 /* SettingsView.swift */,
				DA84EF912C572845005A2A26 /* StatusView.swift */,
			);
			name = ui;
			path = ClipboardPortal/ui;
			sourceTree = "<group>";
		};
		DAAB33B22BCAFDCB00C82DF4 = {
			isa = PBXGroup;
			children = (
				DA84EF922C572845005A2A26 /* ui */,
				DA84EF892C572845005A2A26 /* modifiers */,
				DA84EF8C2C572845005A2A26 /* keyboardshortcut */,
				DA4A24862C5F37FE0032E3F0 /* sound */,
				DA99FF5C2C13471200769146 /* ClipboardPortalApp.swift */,
				DA99FF5D2C13471200769146 /* ContentView.swift */,
				DA99FF592C13471200769146 /* ClipboardManager.swift */,
				DA3703772C607258004B326F /* FriendRequestView.swift */,
				DA3703752C6070E1004B326F /* FriendRequest.swift */,
				DA3703732C601AC1004B326F /* MoveFileToDownloads.swift */,
				DA99FF682C13471200769146 /* ServerRequest.swift */,
				DA99FF572C13471200769146 /* LocalNotification.swift */,
				DA6F61762C601298007C30FB /* Crypto.swift */,
				DA99FF642C13471200769146 /* UserStore.swift */,
				DA99FF582C13471200769146 /* SettingsStore.swift */,
				DA99FF622C13471200769146 /* Config.swift */,
				DA99FF5B2C13471200769146 /* Assets.xcassets */,
				DA99FF692C13471200769146 /* ClipboardPortal.entitlements */,
				DA99FF5E2C13471200769146 /* MainMenu.xib */,
				DA99FF612C13471200769146 /* ConfigDevelopment.xcconfig */,
				DA99FF632C13471200769146 /* ConfigProduction.xcconfig */,
				DA99FF562C13471200769146 /* Info.plist */,
				DA71BBD22C6EC622002CDBCE /* ClipboardPortalIntent */,
				DAAB33BC2BCAFDCB00C82DF4 /* Products */,
			);
			sourceTree = "<group>";
		};
		DAAB33BC2BCAFDCB00C82DF4 /* Products */ = {
			isa = PBXGroup;
			children = (
				DAAB33BB2BCAFDCB00C82DF4 /* Clipboard Portal.app */,
			);
			name = Products;
			sourceTree = "<group>";
		};
/* End PBXGroup section */

/* Begin PBXNativeTarget section */
		DAAB33BA2BCAFDCB00C82DF4 /* Clipboard Portal */ = {
			isa = PBXNativeTarget;
			buildConfigurationList = DAAB33CA2BCAFDCD00C82DF4 /* Build configuration list for PBXNativeTarget "Clipboard Portal" */;
			buildPhases = (
				DAAB33B72BCAFDCB00C82DF4 /* Sources */,
				DAAB33B82BCAFDCB00C82DF4 /* Frameworks */,
				DAAB33B92BCAFDCB00C82DF4 /* Resources */,
				DA71BBDF2C6EC622002CDBCE /* Embed ExtensionKit Extensions */,
			);
			buildRules = (
			);
			dependencies = (
			);
			name = "Clipboard Portal";
			packageProductDependencies = (
				DA82955C2C1CAEDA00ADFA1E /* KeyboardShortcuts */,
				DA84EF9E2C574204005A2A26 /* Starscream */,
			);
			productName = ClipboardPortal;
			productReference = DAAB33BB2BCAFDCB00C82DF4 /* Clipboard Portal.app */;
			productType = "com.apple.product-type.application";
		};
/* End PBXNativeTarget section */

/* Begin PBXProject section */
		DAAB33B32BCAFDCB00C82DF4 /* Project object */ = {
			isa = PBXProject;
			attributes = {
				BuildIndependentTargetsInParallel = 1;
				LastSwiftUpdateCheck = 1540;
				LastUpgradeCheck = 1540;
				TargetAttributes = {
					DAAB33BA2BCAFDCB00C82DF4 = {
						CreatedOnToolsVersion = 15.1;
						LastSwiftMigration = 1510;
					};
				};
			};
			buildConfigurationList = DAAB33B62BCAFDCB00C82DF4 /* Build configuration list for PBXProject "ClipboardPortal" */;
			compatibilityVersion = "Xcode 14.0";
			developmentRegion = en;
			hasScannedForEncodings = 0;
			knownRegions = (
				en,
				Base,
			);
			mainGroup = DAAB33B22BCAFDCB00C82DF4;
			packageReferences = (
				DA82955B2C1CAEDA00ADFA1E /* XCRemoteSwiftPackageReference "KeyboardShortcuts" */,
				DA84EF9D2C574204005A2A26 /* XCRemoteSwiftPackageReference "Starscream" */,
			);
			productRefGroup = DAAB33BC2BCAFDCB00C82DF4 /* Products */;
			projectDirPath = "";
			projectRoot = "";
			targets = (
				DAAB33BA2BCAFDCB00C82DF4 /* Clipboard Portal */,
			);
		};
/* End PBXProject section */

/* Begin PBXResourcesBuildPhase section */
		DAAB33B92BCAFDCB00C82DF4 /* Resources */ = {
			isa = PBXResourcesBuildPhase;
			buildActionMask = 2147483647;
			files = (
				DA6F617A2C601335007C30FB /* receive.mp3 in Resources */,
				DA6F617B2C601335007C30FB /* send.mp3 in Resources */,
				DAFE18792C178BEF00360134 /* Assets.xcassets in Resources */,
			);
			runOnlyForDeploymentPostprocessing = 0;
		};
/* End PBXResourcesBuildPhase section */

/* Begin PBXSourcesBuildPhase section */
		DAAB33B72BCAFDCB00C82DF4 /* Sources */ = {
			isa = PBXSourcesBuildPhase;
			buildActionMask = 2147483647;
			files = (
				DA99FF7A2C13471200769146 /* ViewIfModifier.swift in Sources */,
				DA99FF6D2C13471200769146 /* SettingsStore.swift in Sources */,
				DA99FF722C13471200769146 /* ContentView.swift in Sources */,
				DA99FF762C13471200769146 /* Config.swift in Sources */,
				DA99FF6E2C13471200769146 /* ClipboardManager.swift in Sources */,
				DA3703762C6070E1004B326F /* FriendRequest.swift in Sources */,
				DA99FF7C2C13471200769146 /* ServerRequest.swift in Sources */,
				DA99FF712C13471200769146 /* ClipboardPortalApp.swift in Sources */,
				DA84EF932C572845005A2A26 /* ClipboardHistoryListView.swift in Sources */,
				DA6F61772C601298007C30FB /* Crypto.swift in Sources */,
				DA84EF942C572845005A2A26 /* SettingsView.swift in Sources */,
				DA84EF952C572845005A2A26 /* KeyPressModifierMacOS14.swift in Sources */,
				DA84EF962C572845005A2A26 /* CopyContentModifier.swift in Sources */,
				DA84EF972C572845005A2A26 /* FocusEffectDisabledModifierMacOS14.swift in Sources */,
				DA3703782C607258004B326F /* FriendRequestView.swift in Sources */,
				DA84EF982C572845005A2A26 /* StatusView.swift in Sources */,
				DA84EF992C572845005A2A26 /* GlobalKeyboardShortcutView.swift in Sources */,
				DA84EF9A2C572845005A2A26 /* CommandVView.swift in Sources */,
				DA84EF9B2C572845005A2A26 /* NotificationsToggleView.swift in Sources */,
				DA4A24852C5F357D0032E3F0 /* SoundEffects.swift in Sources */,
				DA84EF9C2C572845005A2A26 /* GlobalKeyboardShortcut.swift in Sources */,
				DA99FF782C13471200769146 /* UserStore.swift in Sources */,
				DA99FF6C2C13471200769146 /* LocalNotification.swift in Sources */,
				DA3703742C601AC1004B326F /* MoveFileToDownloads.swift in Sources */,
			);
			runOnlyForDeploymentPostprocessing = 0;
		};
/* End PBXSourcesBuildPhase section */

/* Begin XCBuildConfiguration section */
		DAAB33C82BCAFDCD00C82DF4 /* Debug */ = {
			isa = XCBuildConfiguration;
			baseConfigurationReference = DA99FF612C13471200769146 /* ConfigDevelopment.xcconfig */;
			buildSettings = {
				ALWAYS_SEARCH_USER_PATHS = NO;
				ASSETCATALOG_COMPILER_GENERATE_SWIFT_ASSET_SYMBOL_EXTENSIONS = YES;
				CLANG_ANALYZER_NONNULL = YES;
				CLANG_ANALYZER_NUMBER_OBJECT_CONVERSION = YES_AGGRESSIVE;
				CLANG_CXX_LANGUAGE_STANDARD = "gnu++20";
				CLANG_ENABLE_MODULES = YES;
				CLANG_ENABLE_OBJC_ARC = YES;
				CLANG_ENABLE_OBJC_WEAK = YES;
				CLANG_WARN_BLOCK_CAPTURE_AUTORELEASING = YES;
				CLANG_WARN_BOOL_CONVERSION = YES;
				CLANG_WARN_COMMA = YES;
				CLANG_WARN_CONSTANT_CONVERSION = YES;
				CLANG_WARN_DEPRECATED_OBJC_IMPLEMENTATIONS = YES;
				CLANG_WARN_DIRECT_OBJC_ISA_USAGE = YES_ERROR;
				CLANG_WARN_DOCUMENTATION_COMMENTS = YES;
				CLANG_WARN_EMPTY_BODY = YES;
				CLANG_WARN_ENUM_CONVERSION = YES;
				CLANG_WARN_INFINITE_RECURSION = YES;
				CLANG_WARN_INT_CONVERSION = YES;
				CLANG_WARN_NON_LITERAL_NULL_CONVERSION = YES;
				CLANG_WARN_OBJC_IMPLICIT_RETAIN_SELF = YES;
				CLANG_WARN_OBJC_LITERAL_CONVERSION = YES;
				CLANG_WARN_OBJC_ROOT_CLASS = YES_ERROR;
				CLANG_WARN_QUOTED_INCLUDE_IN_FRAMEWORK_HEADER = YES;
				CLANG_WARN_RANGE_LOOP_ANALYSIS = YES;
				CLANG_WARN_STRICT_PROTOTYPES = YES;
				CLANG_WARN_SUSPICIOUS_MOVE = YES;
				CLANG_WARN_UNGUARDED_AVAILABILITY = YES_AGGRESSIVE;
				CLANG_WARN_UNREACHABLE_CODE = YES;
				CLANG_WARN__DUPLICATE_METHOD_MATCH = YES;
				COPY_PHASE_STRIP = NO;
				DEAD_CODE_STRIPPING = YES;
				DEBUG_INFORMATION_FORMAT = dwarf;
				ENABLE_STRICT_OBJC_MSGSEND = YES;
				ENABLE_TESTABILITY = YES;
				ENABLE_USER_SCRIPT_SANDBOXING = YES;
				GCC_C_LANGUAGE_STANDARD = gnu17;
				GCC_DYNAMIC_NO_PIC = NO;
				GCC_NO_COMMON_BLOCKS = YES;
				GCC_OPTIMIZATION_LEVEL = 0;
				GCC_PREPROCESSOR_DEFINITIONS = (
					"DEBUG=1",
					"$(inherited)",
				);
				GCC_WARN_64_TO_32_BIT_CONVERSION = YES;
				GCC_WARN_ABOUT_RETURN_TYPE = YES_ERROR;
				GCC_WARN_UNDECLARED_SELECTOR = YES;
				GCC_WARN_UNINITIALIZED_AUTOS = YES_AGGRESSIVE;
				GCC_WARN_UNUSED_FUNCTION = YES;
				GCC_WARN_UNUSED_VARIABLE = YES;
				LOCALIZATION_PREFERS_STRING_CATALOGS = YES;
				MACOSX_DEPLOYMENT_TARGET = 14.2;
				MTL_ENABLE_DEBUG_INFO = INCLUDE_SOURCE;
				MTL_FAST_MATH = YES;
				ONLY_ACTIVE_ARCH = YES;
				SDKROOT = macosx;
				SWIFT_ACTIVE_COMPILATION_CONDITIONS = "DEBUG $(inherited)";
				SWIFT_OPTIMIZATION_LEVEL = "-Onone";
			};
			name = Debug;
		};
		DAAB33C92BCAFDCD00C82DF4 /* Release */ = {
			isa = XCBuildConfiguration;
			baseConfigurationReference = DA99FF632C13471200769146 /* ConfigProduction.xcconfig */;
			buildSettings = {
				ALWAYS_SEARCH_USER_PATHS = NO;
				ASSETCATALOG_COMPILER_GENERATE_SWIFT_ASSET_SYMBOL_EXTENSIONS = YES;
				CLANG_ANALYZER_NONNULL = YES;
				CLANG_ANALYZER_NUMBER_OBJECT_CONVERSION = YES_AGGRESSIVE;
				CLANG_CXX_LANGUAGE_STANDARD = "gnu++20";
				CLANG_ENABLE_MODULES = YES;
				CLANG_ENABLE_OBJC_ARC = YES;
				CLANG_ENABLE_OBJC_WEAK = YES;
				CLANG_WARN_BLOCK_CAPTURE_AUTORELEASING = YES;
				CLANG_WARN_BOOL_CONVERSION = YES;
				CLANG_WARN_COMMA = YES;
				CLANG_WARN_CONSTANT_CONVERSION = YES;
				CLANG_WARN_DEPRECATED_OBJC_IMPLEMENTATIONS = YES;
				CLANG_WARN_DIRECT_OBJC_ISA_USAGE = YES_ERROR;
				CLANG_WARN_DOCUMENTATION_COMMENTS = YES;
				CLANG_WARN_EMPTY_BODY = YES;
				CLANG_WARN_ENUM_CONVERSION = YES;
				CLANG_WARN_INFINITE_RECURSION = YES;
				CLANG_WARN_INT_CONVERSION = YES;
				CLANG_WARN_NON_LITERAL_NULL_CONVERSION = YES;
				CLANG_WARN_OBJC_IMPLICIT_RETAIN_SELF = YES;
				CLANG_WARN_OBJC_LITERAL_CONVERSION = YES;
				CLANG_WARN_OBJC_ROOT_CLASS = YES_ERROR;
				CLANG_WARN_QUOTED_INCLUDE_IN_FRAMEWORK_HEADER = YES;
				CLANG_WARN_RANGE_LOOP_ANALYSIS = YES;
				CLANG_WARN_STRICT_PROTOTYPES = YES;
				CLANG_WARN_SUSPICIOUS_MOVE = YES;
				CLANG_WARN_UNGUARDED_AVAILABILITY = YES_AGGRESSIVE;
				CLANG_WARN_UNREACHABLE_CODE = YES;
				CLANG_WARN__DUPLICATE_METHOD_MATCH = YES;
				COPY_PHASE_STRIP = NO;
				DEAD_CODE_STRIPPING = YES;
				DEBUG_INFORMATION_FORMAT = "dwarf-with-dsym";
				ENABLE_NS_ASSERTIONS = NO;
				ENABLE_STRICT_OBJC_MSGSEND = YES;
				ENABLE_USER_SCRIPT_SANDBOXING = YES;
				GCC_C_LANGUAGE_STANDARD = gnu17;
				GCC_NO_COMMON_BLOCKS = YES;
				GCC_WARN_64_TO_32_BIT_CONVERSION = YES;
				GCC_WARN_ABOUT_RETURN_TYPE = YES_ERROR;
				GCC_WARN_UNDECLARED_SELECTOR = YES;
				GCC_WARN_UNINITIALIZED_AUTOS = YES_AGGRESSIVE;
				GCC_WARN_UNUSED_FUNCTION = YES;
				GCC_WARN_UNUSED_VARIABLE = YES;
				LOCALIZATION_PREFERS_STRING_CATALOGS = YES;
				MACOSX_DEPLOYMENT_TARGET = 14.2;
				MTL_ENABLE_DEBUG_INFO = NO;
				MTL_FAST_MATH = YES;
				SDKROOT = macosx;
				SWIFT_COMPILATION_MODE = wholemodule;
			};
			name = Release;
		};
		DAAB33CB2BCAFDCD00C82DF4 /* Debug */ = {
			isa = XCBuildConfiguration;
			buildSettings = {
				ALWAYS_EMBED_SWIFT_STANDARD_LIBRARIES = YES;
				ASSETCATALOG_COMPILER_APPICON_NAME = AppIcon;
				ASSETCATALOG_COMPILER_GLOBAL_ACCENT_COLOR_NAME = AccentColor;
				ASSETCATALOG_COMPILER_INCLUDE_ALL_APPICON_ASSETS = YES;
				CLANG_ENABLE_MODULES = YES;
				CODE_SIGN_ENTITLEMENTS = ClipboardPortal/ClipboardPortal.entitlements;
				CODE_SIGN_IDENTITY = "Apple Development";
				"CODE_SIGN_IDENTITY[sdk=macosx*]" = "Apple Development";
				CODE_SIGN_STYLE = Automatic;
				COMBINE_HIDPI_IMAGES = YES;
				CURRENT_PROJECT_VERSION = 1;
				DEAD_CODE_STRIPPING = YES;
				DEVELOPMENT_ASSET_PATHS = "";
				DEVELOPMENT_TEAM = 5D4FR5T9QN;
				ENABLE_HARDENED_RUNTIME = YES;
				ENABLE_PREVIEWS = YES;
				GENERATE_INFOPLIST_FILE = YES;
				INFOPLIST_FILE = ClipboardPortal/Info.plist;
				INFOPLIST_KEY_CFBundleDisplayName = "Clipboard Portal";
				INFOPLIST_KEY_LSApplicationCategoryType = "public.app-category.developer-tools";
				INFOPLIST_KEY_NSGKFriendListUsageDescription = "Choose your friend to share the clipboard with.";
				INFOPLIST_KEY_NSHumanReadableCopyright = "";
				LD_RUNPATH_SEARCH_PATHS = (
					"$(inherited)",
					"@executable_path/../Frameworks",
				);
				MACOSX_DEPLOYMENT_TARGET = 13.6;
				MARKETING_VERSION = 1.2;
				PRODUCT_BUNDLE_IDENTIFIER = de.pschwind.ClipboardPortal;
				PRODUCT_NAME = "$(TARGET_NAME)";
				PROVISIONING_PROFILE_SPECIFIER = "";
				SWIFT_EMIT_LOC_STRINGS = YES;
				SWIFT_OPTIMIZATION_LEVEL = "-Onone";
				SWIFT_VERSION = 5.0;
			};
			name = Debug;
		};
		DAAB33CC2BCAFDCD00C82DF4 /* Release */ = {
			isa = XCBuildConfiguration;
			buildSettings = {
				ALWAYS_EMBED_SWIFT_STANDARD_LIBRARIES = YES;
				ASSETCATALOG_COMPILER_APPICON_NAME = AppIcon;
				ASSETCATALOG_COMPILER_GLOBAL_ACCENT_COLOR_NAME = AccentColor;
				ASSETCATALOG_COMPILER_INCLUDE_ALL_APPICON_ASSETS = YES;
				CLANG_ENABLE_MODULES = YES;
				CODE_SIGN_ENTITLEMENTS = ClipboardPortal/ClipboardPortal.entitlements;
				CODE_SIGN_IDENTITY = "Apple Development";
				"CODE_SIGN_IDENTITY[sdk=macosx*]" = "Apple Development";
				CODE_SIGN_STYLE = Automatic;
				COMBINE_HIDPI_IMAGES = YES;
				CURRENT_PROJECT_VERSION = 1;
				DEAD_CODE_STRIPPING = YES;
				DEVELOPMENT_ASSET_PATHS = "";
				DEVELOPMENT_TEAM = 5D4FR5T9QN;
				ENABLE_HARDENED_RUNTIME = YES;
				ENABLE_PREVIEWS = YES;
				GENERATE_INFOPLIST_FILE = YES;
				INFOPLIST_FILE = ClipboardPortal/Info.plist;
				INFOPLIST_KEY_CFBundleDisplayName = "Clipboard Portal";
				INFOPLIST_KEY_LSApplicationCategoryType = "public.app-category.developer-tools";
				INFOPLIST_KEY_NSGKFriendListUsageDescription = "Choose your friend to share the clipboard with.";
				INFOPLIST_KEY_NSHumanReadableCopyright = "";
				LD_RUNPATH_SEARCH_PATHS = (
					"$(inherited)",
					"@executable_path/../Frameworks",
				);
				MACOSX_DEPLOYMENT_TARGET = 13.6;
				MARKETING_VERSION = 1.2;
				PRODUCT_BUNDLE_IDENTIFIER = de.pschwind.ClipboardPortal;
				PRODUCT_NAME = "$(TARGET_NAME)";
				PROVISIONING_PROFILE_SPECIFIER = "";
				SWIFT_EMIT_LOC_STRINGS = YES;
				SWIFT_VERSION = 5.0;
			};
			name = Release;
		};
/* End XCBuildConfiguration section */

/* Begin XCConfigurationList section */
		DAAB33B62BCAFDCB00C82DF4 /* Build configuration list for PBXProject "ClipboardPortal" */ = {
			isa = XCConfigurationList;
			buildConfigurations = (
				DAAB33C82BCAFDCD00C82DF4 /* Debug */,
				DAAB33C92BCAFDCD00C82DF4 /* Release */,
			);
			defaultConfigurationIsVisible = 0;
			defaultConfigurationName = Release;
		};
		DAAB33CA2BCAFDCD00C82DF4 /* Build configuration list for PBXNativeTarget "Clipboard Portal" */ = {
			isa = XCConfigurationList;
			buildConfigurations = (
				DAAB33CB2BCAFDCD00C82DF4 /* Debug */,
				DAAB33CC2BCAFDCD00C82DF4 /* Release */,
			);
			defaultConfigurationIsVisible = 0;
			defaultConfigurationName = Release;
		};
/* End XCConfigurationList section */

/* Begin XCRemoteSwiftPackageReference section */
		DA82955B2C1CAEDA00ADFA1E /* XCRemoteSwiftPackageReference "KeyboardShortcuts" */ = {
			isa = XCRemoteSwiftPackageReference;
			repositoryURL = "https://github.com/sindresorhus/KeyboardShortcuts";
			requirement = {
				kind = upToNextMajorVersion;
				minimumVersion = 2.0.1;
			};
		};
		DA84EF9D2C574204005A2A26 /* XCRemoteSwiftPackageReference "Starscream" */ = {
			isa = XCRemoteSwiftPackageReference;
			repositoryURL = "https://github.com/daltoniam/Starscream.git";
			requirement = {
				kind = upToNextMajorVersion;
				minimumVersion = 4.0.8;
			};
		};
/* End XCRemoteSwiftPackageReference section */

/* Begin XCSwiftPackageProductDependency section */
		DA82955C2C1CAEDA00ADFA1E /* KeyboardShortcuts */ = {
			isa = XCSwiftPackageProductDependency;
			package = DA82955B2C1CAEDA00ADFA1E /* XCRemoteSwiftPackageReference "KeyboardShortcuts" */;
			productName = KeyboardShortcuts;
		};
		DA84EF9E2C574204005A2A26 /* Starscream */ = {
			isa = XCSwiftPackageProductDependency;
			package = DA84EF9D2C574204005A2A26 /* XCRemoteSwiftPackageReference "Starscream" */;
			productName = Starscream;
		};
/* End XCSwiftPackageProductDependency section */
	};
	rootObject = DAAB33B32BCAFDCB00C82DF4 /* Project object */;
}
